
Microsoft Visual Studio Solution File, Format Version 12.00
# Visual Studio Version 17
VisualStudioVersion = 17.5.33414.496
MinimumVisualStudioVersion = 10.0.40219.1
Project("{9A19103F-16F7-4668-BE54-9A1E7A4F7556}") = "SaveImageAPI", "SaveImageAPI.csproj", "{05FB5BA0-F886-4C8D-A1FA-E382415DA23A}"
EndProject
Project("{FAE04EC0-301F-11D3-BF4B-00C04F79EFBC}") = "SaveImageUI", "..\SaveImageUI\SaveImageUI.csproj", "{504457E5-CD74-438B-8624-E7E0D5C849C6}"
EndProject
Global
	GlobalSection(SolutionConfigurationPlatforms) = preSolution
		Debug|Any CPU = Debug|Any CPU
		Release|Any CPU = Release|Any CPU
	EndGlobalSection
	GlobalSection(ProjectConfigurationPlatforms) = postSolution
		{05FB5BA0-F886-4C8D-A1FA-E382415DA23A}.Debug|Any CPU.ActiveCfg = Debug|Any CPU
		{05FB5BA0-F886-4C8D-A1FA-E382415DA23A}.Debug|Any CPU.Build.0 = Debug|Any CPU
		{05FB5BA0-F886-4C8D-A1FA-E382415DA23A}.Release|Any CPU.ActiveCfg = Release|Any CPU
		{05FB5BA0-F886-4C8D-A1FA-E382415DA23A}.Release|Any CPU.Build.0 = Release|Any CPU
		{504457E5-CD74-438B-8624-E7E0D5C849C6}.Debug|Any CPU.ActiveCfg = Debug|Any CPU
		{504457E5-CD74-438B-8624-E7E0D5C849C6}.Debug|Any CPU.Build.0 = Debug|Any CPU
		{504457E5-CD74-438B-8624-E7E0D5C849C6}.Release|Any CPU.ActiveCfg = Release|Any CPU
		{504457E5-CD74-438B-8624-E7E0D5C849C6}.Release|Any CPU.Build.0 = Release|Any CPU
	EndGlobalSection
	GlobalSection(SolutionProperties) = preSolution
		HideSolutionNode = FALSE
	EndGlobalSection
	GlobalSection(ExtensibilityGlobals) = postSolution
		SolutionGuid = {91FEE511-317F-43C7-A79A-B2E5FD72004E}
	EndGlobalSection
EndGlobal
